
Microsoft Visual Studio Solution File, Format Version 12.00
# Visual Studio Version 17
VisualStudioVersion = 17.10.34916.146
MinimumVisualStudioVersion = 10.0.40219.1
Project("{FAE04EC0-301F-11D3-BF4B-00C04F79EFBC}") = "Husnutdinov_Glazki_Save", "Husnutdinov_Glazki_Save.csproj", "{90FABDBD-FE71-4045-A85E-CE84F50C0F91}"
EndProject
Global
	GlobalSection(SolutionConfigurationPlatforms) = preSolution
		Debug|Any CPU = Debug|Any CPU
		Release|Any CPU = Release|Any CPU
	EndGlobalSection
	GlobalSection(ProjectConfigurationPlatforms) = postSolution
		{90FABDBD-FE71-4045-A85E-CE84F50C0F91}.Debug|Any CPU.ActiveCfg = Debug|Any CPU
		{90FABDBD-FE71-4045-A85E-CE84F50C0F91}.Debug|Any CPU.Build.0 = Debug|Any CPU
		{90FABDBD-FE71-4045-A85E-CE84F50C0F91}.Release|Any CPU.ActiveCfg = Release|Any CPU
		{90FABDBD-FE71-4045-A85E-CE84F50C0F91}.Release|Any CPU.Build.0 = Release|Any CPU
	EndGlobalSection
	GlobalSection(SolutionProperties) = preSolution
		HideSolutionNode = FALSE
	EndGlobalSection
	GlobalSection(ExtensibilityGlobals) = postSolution
		SolutionGuid = {EE155995-849E-4E55-97F3-3B213AB2ADDB}
	EndGlobalSection
EndGlobal
